<?xml version="1.0" encoding="utf-8"?>
<Project ToolsVersion="4.0" xmlns="http://schemas.microsoft.com/developer/msbuild/2003">
  <ItemGroup>
    <Filter Include="src">
      <UniqueIdentifier>{242fc5e5-400f-4b33-97c9-a58b9bf24834}</UniqueIdentifier>
    </Filter>
    <Filter Include="headers">
      <UniqueIdentifier>{87139114-f43f-4dac-a0bc-6233aba8b2c0}</UniqueIdentifier>
    </Filter>
  </ItemGroup>
  <ItemGroup>
    <ClCompile Include="src\main.c">
      <Filter>src</Filter>
    </ClCompile>
    <ClCompile Include="src\maps.c">
      <Filter>src</Filter>
    </ClCompile>
    <ClCompile Include="headers\sdlInit.c">
      <Filter>src</Filter>
    </ClCompile>
    <ClCompile Include="src\graphics.c">
      <Filter>src</Filter>
    </ClCompile>
  </ItemGroup>
  <ItemGroup>
    <ClInclude Include="headers\general.h">
      <Filter>headers</Filter>
    </ClInclude>
    <ClInclude Include="headers\maps.h">
      <Filter>headers</Filter>
    </ClInclude>
    <ClInclude Include="headers\sdlDefine.h">
      <Filter>headers</Filter>
    </ClInclude>
    <ClInclude Include="headers\graphics.h">
      <Filter>headers</Filter>
    </ClInclude>
  </ItemGroup>
</Project>